
Microsoft Visual Studio Solution File, Format Version 12.00
# Visual Studio Version 17
VisualStudioVersion = 17.1.32210.238
MinimumVisualStudioVersion = 10.0.40219.1
Project("{9A19103F-16F7-4668-BE54-9A1E7A4F7556}") = "ClimbingGym", "ClimbingGym\ClimbingGym.csproj", "{A4F7895F-6910-46E5-BEF1-18468C39685F}"
EndProject
Project("{9A19103F-16F7-4668-BE54-9A1E7A4F7556}") = "ClimbingGym.Core", "ClimbingGym.Core\ClimbingGym.Core.csproj", "{9AD55DD8-54E2-4077-A32E-5576837EE4CF}"
EndProject
Project("{9A19103F-16F7-4668-BE54-9A1E7A4F7556}") = "ClimbingGym.Infrastructure", "ClimbingGym.Infrastructer\ClimbingGym.Infrastructure.csproj", "{6A622EC8-181D-4C7C-A950-9B7B929080E3}"
EndProject
Project("{9A19103F-16F7-4668-BE54-9A1E7A4F7556}") = "ClimbingGym.Api", "ClimbingGym.Api\ClimbingGym.Api.csproj", "{25526F63-A732-42FF-BF6E-2E4C63D24DEE}"
EndProject
Project("{FAE04EC0-301F-11D3-BF4B-00C04F79EFBC}") = "ClimbingGym.Test", "ClimbingGym.Test\ClimbingGym.Test.csproj", "{31C2D606-6C6F-44D2-BF37-3BAE7FE19492}"
EndProject
Global
	GlobalSection(SolutionConfigurationPlatforms) = preSolution
		Debug|Any CPU = Debug|Any CPU
		Release|Any CPU = Release|Any CPU
	EndGlobalSection
	GlobalSection(ProjectConfigurationPlatforms) = postSolution
		{A4F7895F-6910-46E5-BEF1-18468C39685F}.Debug|Any CPU.ActiveCfg = Debug|Any CPU
		{A4F7895F-6910-46E5-BEF1-18468C39685F}.Debug|Any CPU.Build.0 = Debug|Any CPU
		{A4F7895F-6910-46E5-BEF1-18468C39685F}.Release|Any CPU.ActiveCfg = Release|Any CPU
		{A4F7895F-6910-46E5-BEF1-18468C39685F}.Release|Any CPU.Build.0 = Release|Any CPU
		{9AD55DD8-54E2-4077-A32E-5576837EE4CF}.Debug|Any CPU.ActiveCfg = Debug|Any CPU
		{9AD55DD8-54E2-4077-A32E-5576837EE4CF}.Debug|Any CPU.Build.0 = Debug|Any CPU
		{9AD55DD8-54E2-4077-A32E-5576837EE4CF}.Release|Any CPU.ActiveCfg = Release|Any CPU
		{9AD55DD8-54E2-4077-A32E-5576837EE4CF}.Release|Any CPU.Build.0 = Release|Any CPU
		{6A622EC8-181D-4C7C-A950-9B7B929080E3}.Debug|Any CPU.ActiveCfg = Debug|Any CPU
		{6A622EC8-181D-4C7C-A950-9B7B929080E3}.Debug|Any CPU.Build.0 = Debug|Any CPU
		{6A622EC8-181D-4C7C-A950-9B7B929080E3}.Release|Any CPU.ActiveCfg = Release|Any CPU
		{6A622EC8-181D-4C7C-A950-9B7B929080E3}.Release|Any CPU.Build.0 = Release|Any CPU
		{25526F63-A732-42FF-BF6E-2E4C63D24DEE}.Debug|Any CPU.ActiveCfg = Debug|Any CPU
		{25526F63-A732-42FF-BF6E-2E4C63D24DEE}.Debug|Any CPU.Build.0 = Debug|Any CPU
		{25526F63-A732-42FF-BF6E-2E4C63D24DEE}.Release|Any CPU.ActiveCfg = Release|Any CPU
		{25526F63-A732-42FF-BF6E-2E4C63D24DEE}.Release|Any CPU.Build.0 = Release|Any CPU
		{31C2D606-6C6F-44D2-BF37-3BAE7FE19492}.Debug|Any CPU.ActiveCfg = Debug|Any CPU
		{31C2D606-6C6F-44D2-BF37-3BAE7FE19492}.Debug|Any CPU.Build.0 = Debug|Any CPU
		{31C2D606-6C6F-44D2-BF37-3BAE7FE19492}.Release|Any CPU.ActiveCfg = Release|Any CPU
		{31C2D606-6C6F-44D2-BF37-3BAE7FE19492}.Release|Any CPU.Build.0 = Release|Any CPU
	EndGlobalSection
	GlobalSection(SolutionProperties) = preSolution
		HideSolutionNode = FALSE
	EndGlobalSection
	GlobalSection(ExtensibilityGlobals) = postSolution
		SolutionGuid = {30811CD5-4282-4648-98E9-39C6069E40A7}
	EndGlobalSection
EndGlobal
